PODS:
  - CTMediator (46)

DEPENDENCIES:
  - CTMediator

SPEC REPOS:
  https://mirrors.tuna.tsinghua.edu.cn/git/CocoaPods/Specs.git:
    - CTMediator

SPEC CHECKSUMS:
  CTMediator: f1cf58d509fb3192086c367711f039efd769b907

PODFILE CHECKSUM: 01b85cc4869657f0d2fee236d371ecfba388cc6b

COCOAPODS: 1.11.3
